{
  "name": "mikrotik-swos-switch",
  "version": "1.0.0",
  "lockfileVersion": 1,
  "requires": true,
  "dependencies": {
    "@types/node": {
      "version": "12.7.2",
      "resolved": "https://registry.npmjs.org/@types/node/-/node-12.7.2.tgz",
      "integrity": "sha512-dyYO+f6ihZEtNPDcWNR1fkoTDf3zAK3lAABDze3mz6POyIercH0lEUawUFXlG8xaQZmm1yEBON/4TsYv/laDYg==",
      "dev": true
    },
    "array-back": {
      "version": "3.1.0",
      "resolved": "https://registry.npmjs.org/array-back/-/array-back-3.1.0.tgz",
      "integrity": "sha512-TkuxA4UCOvxuDK6NZYXCalszEzj+TLszyASooky+i742l9TqsOdYCMJJupxRic61hwquNtppB3hgcuq9SVSH1Q=="
    },
    "base-64": {
      "version": "0.1.0",
      "resolved": "https://registry.npmjs.org/base-64/-/base-64-0.1.0.tgz",
      "integrity": "sha1-eAqZyE59YAJgNhURxId2E78k9rs="
    },
    "command-line-args": {
      "version": "5.1.1",
      "resolved": "https://registry.npmjs.org/command-line-args/-/command-line-args-5.1.1.tgz",
      "integrity": "sha512-hL/eG8lrll1Qy1ezvkant+trihbGnaKaeEjj6Scyr3DN+RC7iQ5Rz84IeLERfAWDGo0HBSNAakczwgCilDXnWg==",
      "requires": {
        "array-back": "^3.0.1",
        "find-replace": "^3.0.0",
        "lodash.camelcase": "^4.3.0",
        "typical": "^4.0.0"
      }
    },
    "crypto-js": {
      "version": "3.3.0",
      "resolved": "https://registry.npmjs.org/crypto-js/-/crypto-js-3.3.0.tgz",
      "integrity": "sha512-DIT51nX0dCfKltpRiXV+/TVZq+Qq2NgF4644+K7Ttnla7zEzqc+kjJyiB96BHNyUTBxyjzRcZYpUdZa+QAqi6Q=="
    },
    "digest-fetch": {
      "version": "1.1.6",
      "resolved": "https://registry.npmjs.org/digest-fetch/-/digest-fetch-1.1.6.tgz",
      "integrity": "sha512-CFNX4+TkxecH2L2bw6tI9RAJ7xQuE3j/fDxZe6HOyazR5lhGhF76Pxhb0/Lam3vtGsZPop3RMXydWsNZ//TJwA==",
      "requires": {
        "base-64": "^0.1.0",
        "crypto-js": "^3.1.9-1"
      }
    },
    "find-replace": {
      "version": "3.0.0",
      "resolved": "https://registry.npmjs.org/find-replace/-/find-replace-3.0.0.tgz",
      "integrity": "sha512-6Tb2myMioCAgv5kfvP5/PkZZ/ntTpVK39fHY7WkWBgvbeE+VHd/tZuZ4mrC+bxh4cfOZeYKVPaJIZtZXV7GNCQ==",
      "requires": {
        "array-back": "^3.0.1"
      }
    },
    "lodash.camelcase": {
      "version": "4.3.0",
      "resolved": "https://registry.npmjs.org/lodash.camelcase/-/lodash.camelcase-4.3.0.tgz",
      "integrity": "sha1-soqmKIorn8ZRA1x3EfZathkDMaY="
    },
    "node-fetch": {
      "version": "2.6.1",
      "resolved": "https://registry.npmjs.org/node-fetch/-/node-fetch-2.6.1.tgz",
      "integrity": "sha512-V4aYg89jEoVRxRb2fJdAg8FHvI7cEyYdVAh94HH0UIK8oJxUfkjlDQN9RbMx+bEjP7+ggMiFRprSti032Oipxw=="
    },
    "typical": {
      "version": "4.0.0",
      "resolved": "https://registry.npmjs.org/typical/-/typical-4.0.0.tgz",
      "integrity": "sha512-VAH4IvQ7BDFYglMd7BPRDfLgxZZX4O4TFcRDA6EN5X7erNJJq+McIEp8np9aVtxrCJ6qx4GTYVfOWNjcqwZgRw=="
    }
  }
}
